
Microsoft Visual Studio Solution File, Format Version 12.00
# Visual Studio Version 16
VisualStudioVersion = 16.0.31313.79
MinimumVisualStudioVersion = 10.0.40219.1
Project("{FAE04EC0-301F-11D3-BF4B-00C04F79EFBC}") = "LoginPaneli", "LoginPaneli\LoginPaneli.csproj", "{3C0278AA-8222-4C9A-9C00-8ECF26BC738C}"
EndProject
Global
	GlobalSection(SolutionConfigurationPlatforms) = preSolution
		Debug|Any CPU = Debug|Any CPU
		Release|Any CPU = Release|Any CPU
	EndGlobalSection
	GlobalSection(ProjectConfigurationPlatforms) = postSolution
		{3C0278AA-8222-4C9A-9C00-8ECF26BC738C}.Debug|Any CPU.ActiveCfg = Debug|Any CPU
		{3C0278AA-8222-4C9A-9C00-8ECF26BC738C}.Debug|Any CPU.Build.0 = Debug|Any CPU
		{3C0278AA-8222-4C9A-9C00-8ECF26BC738C}.Release|Any CPU.ActiveCfg = Release|Any CPU
		{3C0278AA-8222-4C9A-9C00-8ECF26BC738C}.Release|Any CPU.Build.0 = Release|Any CPU
	EndGlobalSection
	GlobalSection(SolutionProperties) = preSolution
		HideSolutionNode = FALSE
	EndGlobalSection
	GlobalSection(ExtensibilityGlobals) = postSolution
		SolutionGuid = {E4664C1A-D021-45A3-9B5B-DE4DA47CDB8D}
	EndGlobalSection
EndGlobal
